
Microsoft Visual Studio Solution File, Format Version 12.00
# Visual Studio Version 17
VisualStudioVersion = 17.7.34202.233
MinimumVisualStudioVersion = 10.0.40219.1
Project("{FAE04EC0-301F-11D3-BF4B-00C04F79EFBC}") = "Api", "Api.csproj", "{3A0735EE-C84B-418D-84FB-64ADD0E30358}"
EndProject
Global
	GlobalSection(SolutionConfigurationPlatforms) = preSolution
		Debug|Any CPU = Debug|Any CPU
		Release|Any CPU = Release|Any CPU
	EndGlobalSection
	GlobalSection(ProjectConfigurationPlatforms) = postSolution
		{3A0735EE-C84B-418D-84FB-64ADD0E30358}.Debug|Any CPU.ActiveCfg = Debug|Any CPU
		{3A0735EE-C84B-418D-84FB-64ADD0E30358}.Debug|Any CPU.Build.0 = Debug|Any CPU
		{3A0735EE-C84B-418D-84FB-64ADD0E30358}.Release|Any CPU.ActiveCfg = Release|Any CPU
		{3A0735EE-C84B-418D-84FB-64ADD0E30358}.Release|Any CPU.Build.0 = Release|Any CPU
	EndGlobalSection
	GlobalSection(SolutionProperties) = preSolution
		HideSolutionNode = FALSE
	EndGlobalSection
	GlobalSection(ExtensibilityGlobals) = postSolution
		SolutionGuid = {7BC2611B-A7CD-452B-A133-E9D68C7A04DA}
	EndGlobalSection
EndGlobal
